{
    "_readme": [
        "This file locks the dependencies of your project to a known state",
        "Read more about it at https://getcomposer.org/doc/01-basic-usage.md#composer-lock-the-lock-file",
        "This file is @generated automatically"
    ],
    "hash": "364afb95be4497b65c90ff4347ad3e5d",
    "content-hash": "745158e4a7fd4d86c6ec79d66e1e05ee",
    "packages": [
        {
            "name": "minime/annotations",
            "version": "3.0.0",
            "source": {
                "type": "git",
                "url": "https://github.com/marcioAlmada/annotations.git",
                "reference": "b7aa7be246d49dcf901f6795441989f7895731a6"
            },
            "dist": {
                "type": "zip",
                "url": "https://api.github.com/repos/marcioAlmada/annotations/zipball/b7aa7be246d49dcf901f6795441989f7895731a6",
                "reference": "b7aa7be246d49dcf901f6795441989f7895731a6",
                "shasum": ""
            },
            "require": {
                "ext-json": "*",
                "nikic/php-parser": "~1.0",
                "php": ">=5.4.0",
                "regex-guard/regex-guard": "~1.0"
            },
            "require-dev": {
                "mockery/mockery": "dev-master"
            },
            "type": "library",
            "autoload": {
                "psr-4": {
                    "Minime\\Annotations\\": "src/"
                }
            },
            "notification-url": "https://packagist.org/downloads/",
            "license": [
                "MIT"
            ],
            "authors": [
                {
                    "name": "Márcio Almada",
                    "email": "marcio3w@gmail.com",
                    "homepage": "https://github.com/marcioAlmada/"
                }
            ],
            "description": "The KISS PHP annotations library",
            "keywords": [
                "annotations",
                "docblock",
                "metadata",
                "php",
                "reflection"
            ],
            "time": "2016-09-19 15:32:27"
        },
        {
            "name": "nikic/php-parser",
            "version": "v1.4.1",
            "source": {
                "type": "git",
                "url": "https://github.com/nikic/PHP-Parser.git",
                "reference": "f78af2c9c86107aa1a34cd1dbb5bbe9eeb0d9f51"
            },
            "dist": {
                "type": "zip",
                "url": "https://api.github.com/repos/nikic/PHP-Parser/zipball/f78af2c9c86107aa1a34cd1dbb5bbe9eeb0d9f51",
                "reference": "f78af2c9c86107aa1a34cd1dbb5bbe9eeb0d9f51",
                "shasum": ""
            },
            "require": {
                "ext-tokenizer": "*",
                "php": ">=5.3"
            },
            "type": "library",
            "extra": {
                "branch-alias": {
                    "dev-master": "1.4-dev"
                }
            },
            "autoload": {
                "files": [
                    "lib/bootstrap.php"
                ]
            },
            "notification-url": "https://packagist.org/downloads/",
            "license": [
                "BSD-3-Clause"
            ],
            "authors": [
                {
                    "name": "Nikita Popov"
                }
            ],
            "description": "A PHP parser written in PHP",
            "keywords": [
                "parser",
                "php"
            ],
            "time": "2015-09-19 14:15:08"
        },
        {
            "name": "regex-guard/regex-guard",
            "version": "1.1.0",
            "source": {
                "type": "git",
                "url": "https://github.com/marcioAlmada/regex-guard.git",
                "reference": "dc9a8199f4ebef4c21603ad1f6a8cb53542e7d29"
            },
            "dist": {
                "type": "zip",
                "url": "https://api.github.com/repos/marcioAlmada/regex-guard/zipball/dc9a8199f4ebef4c21603ad1f6a8cb53542e7d29",
                "reference": "dc9a8199f4ebef4c21603ad1f6a8cb53542e7d29",
                "shasum": ""
            },
            "require-dev": {
                "mockery/mockery": "dev-master"
            },
            "type": "library",
            "autoload": {
                "psr-4": {
                    "RegexGuard\\": "src/"
                }
            },
            "notification-url": "https://packagist.org/downloads/",
            "license": [
                "MIT"
            ],
            "authors": [
                {
                    "name": "Márcio Almada",
                    "email": "marcio3w@gmail.com",
                    "homepage": "https://github.com/marcioAlmada/"
                }
            ],
            "description": "A wrapper that allows you to validate regular expressions and handle normally uncatchable PCRE compilation warnings",
            "keywords": [
                "PCRE",
                "preg",
                "regex",
                "regexp",
                "support",
                "utils"
            ],
            "time": "2014-09-17 18:04:00"
        }
    ],
    "packages-dev": [],
    "aliases": [],
    "minimum-stability": "stable",
    "stability-flags": [],
    "prefer-stable": false,
    "prefer-lowest": false,
    "platform": {
        "php": ">=5.6.0",
        "ext-oauth": ">=1.2.3"
    },
    "platform-dev": []
}
